
Microsoft Visual Studio Solution File, Format Version 12.00
# Visual Studio Version 17
VisualStudioVersion = 17.7.34018.315
MinimumVisualStudioVersion = 10.0.40219.1
Project("{2150E333-8FDC-42A3-9474-1A3956D46DE8}") = "src", "src", "{161E0E06-1694-4062-AD92-CED3CF0B0028}"
EndProject
Project("{2150E333-8FDC-42A3-9474-1A3956D46DE8}") = "AuthService", "AuthService", "{C90DD49A-6082-40E1-BE4E-9825F04A8520}"
EndProject
Project("{2150E333-8FDC-42A3-9474-1A3956D46DE8}") = "Services", "Services", "{03B01363-7AE0-420D-9852-D82112C696F0}"
EndProject
Project("{9A19103F-16F7-4668-BE54-9A1E7A4F7556}") = "AuthService.API", "src\Services\AuthService\AuthService.API\AuthService.API.csproj", "{5475E29E-47AE-4A20-9F95-89A1B7B6F917}"
EndProject
Project("{2150E333-8FDC-42A3-9474-1A3956D46DE8}") = "Presentation", "Presentation", "{F463DA40-BA7F-4A50-A8D3-B9C1C9F95E1C}"
EndProject
Project("{2150E333-8FDC-42A3-9474-1A3956D46DE8}") = "Core", "Core", "{0689F386-B6EA-48F4-991F-09A4ED52784A}"
EndProject
Project("{2150E333-8FDC-42A3-9474-1A3956D46DE8}") = "Infratructure", "Infratructure", "{7E69EB55-E2CC-41CE-9BD1-A40DBCC7EE86}"
EndProject
Project("{9A19103F-16F7-4668-BE54-9A1E7A4F7556}") = "AuthService.Application", "src\Services\AuthService\Core\AuthService.Application\AuthService.Application.csproj", "{BFE67498-50F4-4754-B16F-2D06B9AB1F2E}"
EndProject
Project("{9A19103F-16F7-4668-BE54-9A1E7A4F7556}") = "AuthService.Domain", "src\Services\AuthService\Core\AuthService.Domain\AuthService.Domain.csproj", "{70C53391-DBAA-416A-9490-23E3FC67BA8A}"
EndProject
Project("{9A19103F-16F7-4668-BE54-9A1E7A4F7556}") = "AuthService.Infrastructure", "src\Services\AuthService\Infrastructure\AuthService.Infrastructure\AuthService.Infrastructure.csproj", "{DD2E0C3F-88EE-4810-AB63-D6F74C8B648A}"
EndProject
Project("{9A19103F-16F7-4668-BE54-9A1E7A4F7556}") = "AuthService.Persistence", "src\Services\AuthService\Infrastructure\AuthService.Persistence\AuthService.Persistence.csproj", "{11F2DBAA-1342-443F-93F2-CB769AC5A38B}"
EndProject
Project("{2150E333-8FDC-42A3-9474-1A3956D46DE8}") = "CourseService", "CourseService", "{424DBBA7-172F-4742-B4BA-722672515069}"
EndProject
Project("{2150E333-8FDC-42A3-9474-1A3956D46DE8}") = "Presentation", "Presentation", "{D0CFB28F-AC5E-4FCD-950C-563199E12090}"
EndProject
Project("{9A19103F-16F7-4668-BE54-9A1E7A4F7556}") = "CourseService.API", "src\Services\CourseService\Presentation\CourseService.API\CourseService.API.csproj", "{84A3B073-06BD-49B8-9E0F-1D423BB819E7}"
EndProject
Project("{2150E333-8FDC-42A3-9474-1A3956D46DE8}") = "Core", "Core", "{C6C314DE-9D57-4836-8531-EC2A72A170B9}"
EndProject
Project("{2150E333-8FDC-42A3-9474-1A3956D46DE8}") = "Infrastructure", "Infrastructure", "{40BA01CD-51FD-48A2-B187-6FA45CAA1AAB}"
EndProject
Project("{9A19103F-16F7-4668-BE54-9A1E7A4F7556}") = "CourseService.Domain", "src\Services\CourseService\Core\CourseService.Domain\CourseService.Domain.csproj", "{E6C05233-0A07-4CD1-8A38-C421D8A76580}"
EndProject
Project("{9A19103F-16F7-4668-BE54-9A1E7A4F7556}") = "CourseService.Application", "src\Services\CourseService\Core\CourseService.Application\CourseService.Application.csproj", "{970E1617-3AC5-4D5A-8297-03FBD6F63EC4}"
EndProject
Project("{9A19103F-16F7-4668-BE54-9A1E7A4F7556}") = "CourseService.Infrastructure", "src\Services\CourseService\Infrastructure\CourseService.Infrastructure\CourseService.Infrastructure.csproj", "{4884D9A4-A5F6-4827-8A08-B148BF612542}"
EndProject
Project("{2150E333-8FDC-42A3-9474-1A3956D46DE8}") = "EventBus", "EventBus", "{392156E2-7B69-40DC-AE37-56AFBF0B0034}"
EndProject
Project("{2150E333-8FDC-42A3-9474-1A3956D46DE8}") = "RabbitMQ", "RabbitMQ", "{D77B0FFB-9677-4C52-99E3-5219EBF409DC}"
EndProject
Project("{9A19103F-16F7-4668-BE54-9A1E7A4F7556}") = "RabbitMQService", "src\EventBus\RabbitMQ\RabbitMQService\RabbitMQService.csproj", "{770C1D12-B0D9-4711-8667-960152402E25}"
EndProject
Project("{2150E333-8FDC-42A3-9474-1A3956D46DE8}") = "PlatformService", "PlatformService", "{6290B486-7B92-4312-8842-B2CBD206E7F9}"
EndProject
Project("{9A19103F-16F7-4668-BE54-9A1E7A4F7556}") = "Gateway.API", "src\Services\PlatformService\Gateway.API\Gateway.API.csproj", "{26F12324-16AC-4C04-BCB0-3FC8AB20EEA8}"
EndProject
Project("{E53339B2-1760-4266-BCC7-CA923CBCF16C}") = "docker-compose", "docker-compose.dcproj", "{99138FFF-F241-46E4-971A-B60F7CE27EF5}"
EndProject
Project("{2150E333-8FDC-42A3-9474-1A3956D46DE8}") = "Tests", "Tests", "{E920C5C1-4D39-4E06-8B15-2181861FCE7F}"
EndProject
Project("{2150E333-8FDC-42A3-9474-1A3956D46DE8}") = "Course", "Course", "{EAAD8669-FB75-4BF2-9339-B70155897190}"
EndProject
Project("{9A19103F-16F7-4668-BE54-9A1E7A4F7556}") = "CourseService.UnitTest", "Tests\Course\CourseService.UnitTest\CourseService.UnitTest.csproj", "{DE6E096A-AB35-40B6-B6A0-47D6DA5EEE87}"
EndProject
Project("{2150E333-8FDC-42A3-9474-1A3956D46DE8}") = "Solution Items", "Solution Items", "{17F8F132-EB30-4E6A-BEDA-A21F4CD388D8}"
	ProjectSection(SolutionItems) = preProject
		todo = todo
	EndProjectSection
EndProject
Global
	GlobalSection(SolutionConfigurationPlatforms) = preSolution
		Debug|Any CPU = Debug|Any CPU
		Release|Any CPU = Release|Any CPU
	EndGlobalSection
	GlobalSection(ProjectConfigurationPlatforms) = postSolution
		{5475E29E-47AE-4A20-9F95-89A1B7B6F917}.Debug|Any CPU.ActiveCfg = Debug|Any CPU
		{5475E29E-47AE-4A20-9F95-89A1B7B6F917}.Debug|Any CPU.Build.0 = Debug|Any CPU
		{5475E29E-47AE-4A20-9F95-89A1B7B6F917}.Release|Any CPU.ActiveCfg = Release|Any CPU
		{5475E29E-47AE-4A20-9F95-89A1B7B6F917}.Release|Any CPU.Build.0 = Release|Any CPU
		{BFE67498-50F4-4754-B16F-2D06B9AB1F2E}.Debug|Any CPU.ActiveCfg = Debug|Any CPU
		{BFE67498-50F4-4754-B16F-2D06B9AB1F2E}.Debug|Any CPU.Build.0 = Debug|Any CPU
		{BFE67498-50F4-4754-B16F-2D06B9AB1F2E}.Release|Any CPU.ActiveCfg = Release|Any CPU
		{BFE67498-50F4-4754-B16F-2D06B9AB1F2E}.Release|Any CPU.Build.0 = Release|Any CPU
		{70C53391-DBAA-416A-9490-23E3FC67BA8A}.Debug|Any CPU.ActiveCfg = Debug|Any CPU
		{70C53391-DBAA-416A-9490-23E3FC67BA8A}.Debug|Any CPU.Build.0 = Debug|Any CPU
		{70C53391-DBAA-416A-9490-23E3FC67BA8A}.Release|Any CPU.ActiveCfg = Release|Any CPU
		{70C53391-DBAA-416A-9490-23E3FC67BA8A}.Release|Any CPU.Build.0 = Release|Any CPU
		{DD2E0C3F-88EE-4810-AB63-D6F74C8B648A}.Debug|Any CPU.ActiveCfg = Debug|Any CPU
		{DD2E0C3F-88EE-4810-AB63-D6F74C8B648A}.Debug|Any CPU.Build.0 = Debug|Any CPU
		{DD2E0C3F-88EE-4810-AB63-D6F74C8B648A}.Release|Any CPU.ActiveCfg = Release|Any CPU
		{DD2E0C3F-88EE-4810-AB63-D6F74C8B648A}.Release|Any CPU.Build.0 = Release|Any CPU
		{11F2DBAA-1342-443F-93F2-CB769AC5A38B}.Debug|Any CPU.ActiveCfg = Debug|Any CPU
		{11F2DBAA-1342-443F-93F2-CB769AC5A38B}.Debug|Any CPU.Build.0 = Debug|Any CPU
		{11F2DBAA-1342-443F-93F2-CB769AC5A38B}.Release|Any CPU.ActiveCfg = Release|Any CPU
		{11F2DBAA-1342-443F-93F2-CB769AC5A38B}.Release|Any CPU.Build.0 = Release|Any CPU
		{84A3B073-06BD-49B8-9E0F-1D423BB819E7}.Debug|Any CPU.ActiveCfg = Debug|Any CPU
		{84A3B073-06BD-49B8-9E0F-1D423BB819E7}.Debug|Any CPU.Build.0 = Debug|Any CPU
		{84A3B073-06BD-49B8-9E0F-1D423BB819E7}.Release|Any CPU.ActiveCfg = Release|Any CPU
		{84A3B073-06BD-49B8-9E0F-1D423BB819E7}.Release|Any CPU.Build.0 = Release|Any CPU
		{E6C05233-0A07-4CD1-8A38-C421D8A76580}.Debug|Any CPU.ActiveCfg = Debug|Any CPU
		{E6C05233-0A07-4CD1-8A38-C421D8A76580}.Debug|Any CPU.Build.0 = Debug|Any CPU
		{E6C05233-0A07-4CD1-8A38-C421D8A76580}.Release|Any CPU.ActiveCfg = Release|Any CPU
		{E6C05233-0A07-4CD1-8A38-C421D8A76580}.Release|Any CPU.Build.0 = Release|Any CPU
		{970E1617-3AC5-4D5A-8297-03FBD6F63EC4}.Debug|Any CPU.ActiveCfg = Debug|Any CPU
		{970E1617-3AC5-4D5A-8297-03FBD6F63EC4}.Debug|Any CPU.Build.0 = Debug|Any CPU
		{970E1617-3AC5-4D5A-8297-03FBD6F63EC4}.Release|Any CPU.ActiveCfg = Release|Any CPU
		{970E1617-3AC5-4D5A-8297-03FBD6F63EC4}.Release|Any CPU.Build.0 = Release|Any CPU
		{4884D9A4-A5F6-4827-8A08-B148BF612542}.Debug|Any CPU.ActiveCfg = Debug|Any CPU
		{4884D9A4-A5F6-4827-8A08-B148BF612542}.Debug|Any CPU.Build.0 = Debug|Any CPU
		{4884D9A4-A5F6-4827-8A08-B148BF612542}.Release|Any CPU.ActiveCfg = Release|Any CPU
		{4884D9A4-A5F6-4827-8A08-B148BF612542}.Release|Any CPU.Build.0 = Release|Any CPU
		{770C1D12-B0D9-4711-8667-960152402E25}.Debug|Any CPU.ActiveCfg = Debug|Any CPU
		{770C1D12-B0D9-4711-8667-960152402E25}.Debug|Any CPU.Build.0 = Debug|Any CPU
		{770C1D12-B0D9-4711-8667-960152402E25}.Release|Any CPU.ActiveCfg = Release|Any CPU
		{770C1D12-B0D9-4711-8667-960152402E25}.Release|Any CPU.Build.0 = Release|Any CPU
		{26F12324-16AC-4C04-BCB0-3FC8AB20EEA8}.Debug|Any CPU.ActiveCfg = Debug|Any CPU
		{26F12324-16AC-4C04-BCB0-3FC8AB20EEA8}.Debug|Any CPU.Build.0 = Debug|Any CPU
		{26F12324-16AC-4C04-BCB0-3FC8AB20EEA8}.Release|Any CPU.ActiveCfg = Release|Any CPU
		{26F12324-16AC-4C04-BCB0-3FC8AB20EEA8}.Release|Any CPU.Build.0 = Release|Any CPU
		{99138FFF-F241-46E4-971A-B60F7CE27EF5}.Debug|Any CPU.ActiveCfg = Debug|Any CPU
		{99138FFF-F241-46E4-971A-B60F7CE27EF5}.Debug|Any CPU.Build.0 = Debug|Any CPU
		{99138FFF-F241-46E4-971A-B60F7CE27EF5}.Release|Any CPU.ActiveCfg = Release|Any CPU
		{99138FFF-F241-46E4-971A-B60F7CE27EF5}.Release|Any CPU.Build.0 = Release|Any CPU
		{DE6E096A-AB35-40B6-B6A0-47D6DA5EEE87}.Debug|Any CPU.ActiveCfg = Debug|Any CPU
		{DE6E096A-AB35-40B6-B6A0-47D6DA5EEE87}.Debug|Any CPU.Build.0 = Debug|Any CPU
		{DE6E096A-AB35-40B6-B6A0-47D6DA5EEE87}.Release|Any CPU.ActiveCfg = Release|Any CPU
		{DE6E096A-AB35-40B6-B6A0-47D6DA5EEE87}.Release|Any CPU.Build.0 = Release|Any CPU
	EndGlobalSection
	GlobalSection(SolutionProperties) = preSolution
		HideSolutionNode = FALSE
	EndGlobalSection
	GlobalSection(NestedProjects) = preSolution
		{C90DD49A-6082-40E1-BE4E-9825F04A8520} = {03B01363-7AE0-420D-9852-D82112C696F0}
		{03B01363-7AE0-420D-9852-D82112C696F0} = {161E0E06-1694-4062-AD92-CED3CF0B0028}
		{5475E29E-47AE-4A20-9F95-89A1B7B6F917} = {F463DA40-BA7F-4A50-A8D3-B9C1C9F95E1C}
		{F463DA40-BA7F-4A50-A8D3-B9C1C9F95E1C} = {C90DD49A-6082-40E1-BE4E-9825F04A8520}
		{0689F386-B6EA-48F4-991F-09A4ED52784A} = {C90DD49A-6082-40E1-BE4E-9825F04A8520}
		{7E69EB55-E2CC-41CE-9BD1-A40DBCC7EE86} = {C90DD49A-6082-40E1-BE4E-9825F04A8520}
		{BFE67498-50F4-4754-B16F-2D06B9AB1F2E} = {0689F386-B6EA-48F4-991F-09A4ED52784A}
		{70C53391-DBAA-416A-9490-23E3FC67BA8A} = {0689F386-B6EA-48F4-991F-09A4ED52784A}
		{DD2E0C3F-88EE-4810-AB63-D6F74C8B648A} = {7E69EB55-E2CC-41CE-9BD1-A40DBCC7EE86}
		{11F2DBAA-1342-443F-93F2-CB769AC5A38B} = {7E69EB55-E2CC-41CE-9BD1-A40DBCC7EE86}
		{424DBBA7-172F-4742-B4BA-722672515069} = {03B01363-7AE0-420D-9852-D82112C696F0}
		{D0CFB28F-AC5E-4FCD-950C-563199E12090} = {424DBBA7-172F-4742-B4BA-722672515069}
		{84A3B073-06BD-49B8-9E0F-1D423BB819E7} = {D0CFB28F-AC5E-4FCD-950C-563199E12090}
		{C6C314DE-9D57-4836-8531-EC2A72A170B9} = {424DBBA7-172F-4742-B4BA-722672515069}
		{40BA01CD-51FD-48A2-B187-6FA45CAA1AAB} = {424DBBA7-172F-4742-B4BA-722672515069}
		{E6C05233-0A07-4CD1-8A38-C421D8A76580} = {C6C314DE-9D57-4836-8531-EC2A72A170B9}
		{970E1617-3AC5-4D5A-8297-03FBD6F63EC4} = {C6C314DE-9D57-4836-8531-EC2A72A170B9}
		{4884D9A4-A5F6-4827-8A08-B148BF612542} = {40BA01CD-51FD-48A2-B187-6FA45CAA1AAB}
		{392156E2-7B69-40DC-AE37-56AFBF0B0034} = {161E0E06-1694-4062-AD92-CED3CF0B0028}
		{D77B0FFB-9677-4C52-99E3-5219EBF409DC} = {392156E2-7B69-40DC-AE37-56AFBF0B0034}
		{770C1D12-B0D9-4711-8667-960152402E25} = {D77B0FFB-9677-4C52-99E3-5219EBF409DC}
		{6290B486-7B92-4312-8842-B2CBD206E7F9} = {03B01363-7AE0-420D-9852-D82112C696F0}
		{26F12324-16AC-4C04-BCB0-3FC8AB20EEA8} = {6290B486-7B92-4312-8842-B2CBD206E7F9}
		{EAAD8669-FB75-4BF2-9339-B70155897190} = {E920C5C1-4D39-4E06-8B15-2181861FCE7F}
		{DE6E096A-AB35-40B6-B6A0-47D6DA5EEE87} = {EAAD8669-FB75-4BF2-9339-B70155897190}
	EndGlobalSection
	GlobalSection(ExtensibilityGlobals) = postSolution
		SolutionGuid = {9563DA33-F931-4BED-A3AC-08061E6805AF}
	EndGlobalSection
EndGlobal
